
Microsoft Visual Studio Solution File, Format Version 12.00
# Visual Studio Version 17
VisualStudioVersion = 17.3.32929.385
MinimumVisualStudioVersion = 10.0.40219.1
Project("{FAE04EC0-301F-11D3-BF4B-00C04F79EFBC}") = "insertion", "insertion\insertion.csproj", "{69114AF8-A303-4E68-807F-DBF1C2E5BA7B}"
EndProject
Global
	GlobalSection(SolutionConfigurationPlatforms) = preSolution
		Debug|Any CPU = Debug|Any CPU
		Release|Any CPU = Release|Any CPU
	EndGlobalSection
	GlobalSection(ProjectConfigurationPlatforms) = postSolution
		{69114AF8-A303-4E68-807F-DBF1C2E5BA7B}.Debug|Any CPU.ActiveCfg = Debug|Any CPU
		{69114AF8-A303-4E68-807F-DBF1C2E5BA7B}.Debug|Any CPU.Build.0 = Debug|Any CPU
		{69114AF8-A303-4E68-807F-DBF1C2E5BA7B}.Release|Any CPU.ActiveCfg = Release|Any CPU
		{69114AF8-A303-4E68-807F-DBF1C2E5BA7B}.Release|Any CPU.Build.0 = Release|Any CPU
	EndGlobalSection
	GlobalSection(SolutionProperties) = preSolution
		HideSolutionNode = FALSE
	EndGlobalSection
	GlobalSection(ExtensibilityGlobals) = postSolution
		SolutionGuid = {6A68172B-35EF-437F-99B5-C228895F4990}
	EndGlobalSection
EndGlobal
